version = 1
revision = 3
requires-python = ">=3.12"

[[package]]
name = "battlecode"
version = "0.1.0"
source = { virtual = "." }
dependencies = [
    { name = "cambc" },
    { name = "networkx" },
    { name = "protobuf" },
]

[package.dev-dependencies]
dev = [
    { name = "ruff" },
    { name = "ty" },
]

[package.metadata]
requires-dist = [
    { name = "cambc", specifier = ">=1.4.1" },
    { name = "networkx", specifier = ">=3.6.1" },
    { name = "protobuf", specifier = ">=7.34.0" },
]

[package.metadata.requires-dev]
dev = [
    { name = "ruff", specifier = ">=0.15.6" },
    { name = "ty", specifier = ">=0.0.22" },
]

[[package]]
name = "cambc"
version = "1.4.1"
source = { registry = "https://pypi.org/simple" }
dependencies = [
    { name = "click" },
    { name = "rich" },
]
wheels = [
    { url = "https://files.pythonhosted.org/packages/79/b8/8220b7e3d268b682c0ce42aee22fbe5758b5cfa8a685dc13f25770635de8/cambc-1.4.1-cp312-cp312-macosx_10_12_x86_64.whl", hash = "sha256:5567f5e7183def94a5103a18c2cb167555452e3ed739ff0f31d3014005918332", size = 12624881, upload-time = "2026-03-23T14:28:38.245Z" },
    { url = "https://files.pythonhosted.org/packages/dc/b7/0ff11101192be166f6dd89ea2b62833f2ffccc43a07e50a0f45f7a3bf644/cambc-1.4.1-cp312-cp312-macosx_11_0_arm64.whl", hash = "sha256:43dd1b61cfded1156d25a601f6ef672ebe76dd318ab23a2d226b3b1f3423b232", size = 12605159, upload-time = "2026-03-23T14:28:41.071Z" },
    { url = "https://files.pythonhosted.org/packages/31/c7/0e8dec624701a4972aeb6badbac8cb026ae533b20e3bfadc95c7ffbf3868/cambc-1.4.1-cp312-cp312-manylinux_2_17_aarch64.manylinux2014_aarch64.whl", hash = "sha256:239bd8072cc8a8be90219301df0facd8b2ed603a8c948e4a7a93a4b7d0a111e8", size = 12644772, upload-time = "2026-03-23T14:28:43.928Z" },
    { url = "https://files.pythonhosted.org/packages/ec/bd/92ad4757858397e964671b31fa2949f8981fd0720b590803b0d71999c97a/cambc-1.4.1-cp312-cp312-manylinux_2_17_x86_64.manylinux2014_x86_64.whl", hash = "sha256:923ea574abef174144dcd01f6cdd32d60a42c85988d2ed33f8ce3aa935f5f0bb", size = 12662741, upload-time = "2026-03-23T14:28:46.987Z" },
    { url = "https://files.pythonhosted.org/packages/d4/9a/2dad7cfe2872b5416f79f8834403ca388af5245b15f402e89c1af240fa40/cambc-1.4.1-cp312-cp312-win_amd64.whl", hash = "sha256:ddc4e9d22c1fcfbddff0fc05c1eb356d610c1dc92d6c0082153b8d59efe22fb4", size = 12515170, upload-time = "2026-03-23T14:28:50.377Z" },
    { url = "https://files.pythonhosted.org/packages/55/f4/723f395ad8e54fc89acdb3599e3327d02a6760e9565754989bcca3499f3a/cambc-1.4.1-cp313-cp313-macosx_10_12_x86_64.whl", hash = "sha256:2f3482bbe602e1326ab0e09a8022738a6c28f51b8b4ddc553e19bba944bdbe5c", size = 12625065, upload-time = "2026-03-23T14:28:53.539Z" },
    { url = "https://files.pythonhosted.org/packages/32/a0/26ad2576ca662cbe553c01e49bc6322793317ec462c54a758f2086f3f4f2/cambc-1.4.1-cp313-cp313-macosx_11_0_arm64.whl", hash = "sha256:34602689efcd650ffb3e638fa8c0578945c81def387f5d4b412e5b9f2d8781ff", size = 12605275, upload-time = "2026-03-23T14:28:56.192Z" },
    { url = "https://files.pythonhosted.org/packages/6f/99/8a8ade9fbfbc8d38f4d47116007edd5b103172d194f72a25efd586fb85b8/cambc-1.4.1-cp313-cp313-manylinux_2_17_aarch64.manylinux2014_aarch64.whl", hash = "sha256:00fcff89cb51906910c71e15acd81c414c408d04450029c25059e776a0c9fc57", size = 12644275, upload-time = "2026-03-23T14:28:58.861Z" },
    { url = "https://files.pythonhosted.org/packages/2d/b7/b9c4e7960bd49a73fe17d719c4074d8e08815c493ca9c00c5a9c55145e56/cambc-1.4.1-cp313-cp313-manylinux_2_17_x86_64.manylinux2014_x86_64.whl", hash = "sha256:50a305a12fa52c064d3324b8cd1c4a458beccd8d78c97b1a93e521e484e6ea59", size = 12662515, upload-time = "2026-03-23T14:29:02.217Z" },
    { url = "https://files.pythonhosted.org/packages/93/85/013ee58e360d26e26fbee275e460f274685f57af89983e2bc6f076c9f383/cambc-1.4.1-cp313-cp313-win_amd64.whl", hash = "sha256:91595ba6e54502bb0727ae3aa55f9cf73e2384a9f25e8b2816444fd80aa8a57e", size = 12515105, upload-time = "2026-03-23T14:29:04.948Z" },
]

[[package]]
name = "click"
version = "8.3.1"
source = { registry = "https://pypi.org/simple" }
dependencies = [
    { name = "colorama", marker = "sys_platform == 'win32'" },
]
sdist = { url = "https://files.pythonhosted.org/packages/3d/fa/656b739db8587d7b5dfa22e22ed02566950fbfbcdc20311993483657a5c0/click-8.3.1.tar.gz", hash = "sha256:12ff4785d337a1bb490bb7e9c2b1ee5da3112e94a8622f26a6c77f5d2fc6842a", size = 295065, upload-time = "2025-11-15T20:45:42.706Z" }
wheels = [
    { url = "https://files.pythonhosted.org/packages/98/78/01c019cdb5d6498122777c1a43056ebb3ebfeef2076d9d026bfe15583b2b/click-8.3.1-py3-none-any.whl", hash = "sha256:981153a64e25f12d547d3426c367a4857371575ee7ad18df2a6183ab0545b2a6", size = 108274, upload-time = "2025-11-15T20:45:41.139Z" },
]

[[package]]
name = "colorama"
version = "0.4.6"
source = { registry = "https://pypi.org/simple" }
sdist = { url = "https://files.pythonhosted.org/packages/d8/53/6f443c9a4a8358a93a6792e2acffb9d9d5cb0a5cfd8802644b7b1c9a02e4/colorama-0.4.6.tar.gz", hash = "sha256:08695f5cb7ed6e0531a20572697297273c47b8cae5a63ffc6d6ed5c201be6e44", size = 27697, upload-time = "2022-10-25T02:36:22.414Z" }
wheels = [
    { url = "https://files.pythonhosted.org/packages/d1/d6/3965ed04c63042e047cb6a3e6ed1a63a35087b6a609aa3a15ed8ac56c221/colorama-0.4.6-py2.py3-none-any.whl", hash = "sha256:4f1d9991f5acc0ca119f9d443620b77f9d6b33703e51011c16baf57afb285fc6", size = 25335, upload-time = "2022-10-25T02:36:20.889Z" },
]

[[package]]
name = "markdown-it-py"
version = "4.0.0"
source = { registry = "https://pypi.org/simple" }
dependencies = [
    { name = "mdurl" },
]
sdist = { url = "https://files.pythonhosted.org/packages/5b/f5/4ec618ed16cc4f8fb3b701563655a69816155e79e24a17b651541804721d/markdown_it_py-4.0.0.tar.gz", hash = "sha256:cb0a2b4aa34f932c007117b194e945bd74e0ec24133ceb5bac59009cda1cb9f3", size = 73070, upload-time = "2025-08-11T12:57:52.854Z" }
wheels = [
    { url = "https://files.pythonhosted.org/packages/94/54/e7d793b573f298e1c9013b8c4dade17d481164aa517d1d7148619c2cedbf/markdown_it_py-4.0.0-py3-none-any.whl", hash = "sha256:87327c59b172c5011896038353a81343b6754500a08cd7a4973bb48c6d578147", size = 87321, upload-time = "2025-08-11T12:57:51.923Z" },
]

[[package]]
name = "mdurl"
version = "0.1.2"
source = { registry = "https://pypi.org/simple" }
sdist = { url = "https://files.pythonhosted.org/packages/d6/54/cfe61301667036ec958cb99bd3efefba235e65cdeb9c84d24a8293ba1d90/mdurl-0.1.2.tar.gz", hash = "sha256:bb413d29f5eea38f31dd4754dd7377d4465116fb207585f97bf925588687c1ba", size = 8729, upload-time = "2022-08-14T12:40:10.846Z" }
wheels = [
    { url = "https://files.pythonhosted.org/packages/b3/38/89ba8ad64ae25be8de66a6d463314cf1eb366222074cfda9ee839c56a4b4/mdurl-0.1.2-py3-none-any.whl", hash = "sha256:84008a41e51615a49fc9966191ff91509e3c40b939176e643fd50a5c2196b8f8", size = 9979, upload-time = "2022-08-14T12:40:09.779Z" },
]

[[package]]
name = "networkx"
version = "3.6.1"
source = { registry = "https://pypi.org/simple" }
sdist = { url = "https://files.pythonhosted.org/packages/6a/51/63fe664f3908c97be9d2e4f1158eb633317598cfa6e1fc14af5383f17512/networkx-3.6.1.tar.gz", hash = "sha256:26b7c357accc0c8cde558ad486283728b65b6a95d85ee1cd66bafab4c8168509", size = 2517025, upload-time = "2025-12-08T17:02:39.908Z" }
wheels = [
    { url = "https://files.pythonhosted.org/packages/9e/c9/b2622292ea83fbb4ec318f5b9ab867d0a28ab43c5717bb85b0a5f6b3b0a4/networkx-3.6.1-py3-none-any.whl", hash = "sha256:d47fbf302e7d9cbbb9e2555a0d267983d2aa476bac30e90dfbe5669bd57f3762", size = 2068504, upload-time = "2025-12-08T17:02:38.159Z" },
]

[[package]]
name = "protobuf"
version = "7.34.0"
source = { registry = "https://pypi.org/simple" }
sdist = { url = "https://files.pythonhosted.org/packages/f2/00/04a2ab36b70a52d0356852979e08b44edde0435f2115dc66e25f2100f3ab/protobuf-7.34.0.tar.gz", hash = "sha256:3871a3df67c710aaf7bb8d214cc997342e63ceebd940c8c7fc65c9b3d697591a", size = 454726, upload-time = "2026-02-27T00:30:25.421Z" }
wheels = [
    { url = "https://files.pythonhosted.org/packages/13/c4/6322ab5c8f279c4c358bc14eb8aefc0550b97222a39f04eb3c1af7a830fa/protobuf-7.34.0-cp310-abi3-macosx_10_9_universal2.whl", hash = "sha256:8e329966799f2c271d5e05e236459fe1cbfdb8755aaa3b0914fa60947ddea408", size = 429248, upload-time = "2026-02-27T00:30:14.924Z" },
    { url = "https://files.pythonhosted.org/packages/45/99/b029bbbc61e8937545da5b79aa405ab2d9cf307a728f8c9459ad60d7a481/protobuf-7.34.0-cp310-abi3-manylinux2014_aarch64.whl", hash = "sha256:9d7a5005fb96f3c1e64f397f91500b0eb371b28da81296ae73a6b08a5b76cdd6", size = 325753, upload-time = "2026-02-27T00:30:17.247Z" },
    { url = "https://files.pythonhosted.org/packages/cc/79/09f02671eb75b251c5550a1c48e7b3d4b0623efd7c95a15a50f6f9fc1e2e/protobuf-7.34.0-cp310-abi3-manylinux2014_s390x.whl", hash = "sha256:4a72a8ec94e7a9f7ef7fe818ed26d073305f347f8b3b5ba31e22f81fd85fca02", size = 340200, upload-time = "2026-02-27T00:30:18.672Z" },
    { url = "https://files.pythonhosted.org/packages/b5/57/89727baef7578897af5ed166735ceb315819f1c184da8c3441271dbcfde7/protobuf-7.34.0-cp310-abi3-manylinux2014_x86_64.whl", hash = "sha256:964cf977e07f479c0697964e83deda72bcbc75c3badab506fb061b352d991b01", size = 324268, upload-time = "2026-02-27T00:30:20.088Z" },
    { url = "https://files.pythonhosted.org/packages/1f/3e/38ff2ddee5cc946f575c9d8cc822e34bde205cf61acf8099ad88ef19d7d2/protobuf-7.34.0-cp310-abi3-win32.whl", hash = "sha256:f791ec509707a1d91bd02e07df157e75e4fb9fbdad12a81b7396201ec244e2e3", size = 426628, upload-time = "2026-02-27T00:30:21.555Z" },
    { url = "https://files.pythonhosted.org/packages/cb/71/7c32eaf34a61a1bae1b62a2ac4ffe09b8d1bb0cf93ad505f42040023db89/protobuf-7.34.0-cp310-abi3-win_amd64.whl", hash = "sha256:9f9079f1dde4e32342ecbd1c118d76367090d4aaa19da78230c38101c5b3dd40", size = 437901, upload-time = "2026-02-27T00:30:22.836Z" },
    { url = "https://files.pythonhosted.org/packages/a4/e7/14dc9366696dcb53a413449881743426ed289d687bcf3d5aee4726c32ebb/protobuf-7.34.0-py3-none-any.whl", hash = "sha256:e3b914dd77fa33fa06ab2baa97937746ab25695f389869afdf03e81f34e45dc7", size = 170716, upload-time = "2026-02-27T00:30:23.994Z" },
]

[[package]]
name = "pygments"
version = "2.19.2"
source = { registry = "https://pypi.org/simple" }
sdist = { url = "https://files.pythonhosted.org/packages/b0/77/a5b8c569bf593b0140bde72ea885a803b82086995367bf2037de0159d924/pygments-2.19.2.tar.gz", hash = "sha256:636cb2477cec7f8952536970bc533bc43743542f70392ae026374600add5b887", size = 4968631, upload-time = "2025-06-21T13:39:12.283Z" }
wheels = [
    { url = "https://files.pythonhosted.org/packages/c7/21/705964c7812476f378728bdf590ca4b771ec72385c533964653c68e86bdc/pygments-2.19.2-py3-none-any.whl", hash = "sha256:86540386c03d588bb81d44bc3928634ff26449851e99741617ecb9037ee5ec0b", size = 1225217, upload-time = "2025-06-21T13:39:07.939Z" },
]

[[package]]
name = "rich"
version = "14.3.3"
source = { registry = "https://pypi.org/simple" }
dependencies = [
    { name = "markdown-it-py" },
    { name = "pygments" },
]
sdist = { url = "https://files.pythonhosted.org/packages/b3/c6/f3b320c27991c46f43ee9d856302c70dc2d0fb2dba4842ff739d5f46b393/rich-14.3.3.tar.gz", hash = "sha256:b8daa0b9e4eef54dd8cf7c86c03713f53241884e814f4e2f5fb342fe520f639b", size = 230582, upload-time = "2026-02-19T17:23:12.474Z" }
wheels = [
    { url = "https://files.pythonhosted.org/packages/14/25/b208c5683343959b670dc001595f2f3737e051da617f66c31f7c4fa93abc/rich-14.3.3-py3-none-any.whl", hash = "sha256:793431c1f8619afa7d3b52b2cdec859562b950ea0d4b6b505397612db8d5362d", size = 310458, upload-time = "2026-02-19T17:23:13.732Z" },
]

[[package]]
name = "ruff"
version = "0.15.6"
source = { registry = "https://pypi.org/simple" }
sdist = { url = "https://files.pythonhosted.org/packages/51/df/f8629c19c5318601d3121e230f74cbee7a3732339c52b21daa2b82ef9c7d/ruff-0.15.6.tar.gz", hash = "sha256:8394c7bb153a4e3811a4ecdacd4a8e6a4fa8097028119160dffecdcdf9b56ae4", size = 4597916, upload-time = "2026-03-12T23:05:47.51Z" }
wheels = [
    { url = "https://files.pythonhosted.org/packages/9e/2f/4e03a7e5ce99b517e98d3b4951f411de2b0fa8348d39cf446671adcce9a2/ruff-0.15.6-py3-none-linux_armv6l.whl", hash = "sha256:7c98c3b16407b2cf3d0f2b80c80187384bc92c6774d85fefa913ecd941256fff", size = 10508953, upload-time = "2026-03-12T23:05:17.246Z" },
    { url = "https://files.pythonhosted.org/packages/70/60/55bcdc3e9f80bcf39edf0cd272da6fa511a3d94d5a0dd9e0adf76ceebdb4/ruff-0.15.6-py3-none-macosx_10_12_x86_64.whl", hash = "sha256:ee7dcfaad8b282a284df4aa6ddc2741b3f4a18b0555d626805555a820ea181c3", size = 10942257, upload-time = "2026-03-12T23:05:23.076Z" },
    { url = "https://files.pythonhosted.org/packages/e7/f9/005c29bd1726c0f492bfa215e95154cf480574140cb5f867c797c18c790b/ruff-0.15.6-py3-none-macosx_11_0_arm64.whl", hash = "sha256:3bd9967851a25f038fc8b9ae88a7fbd1b609f30349231dffaa37b6804923c4bb", size = 10322683, upload-time = "2026-03-12T23:05:33.738Z" },
    { url = "https://files.pythonhosted.org/packages/5f/74/2f861f5fd7cbb2146bddb5501450300ce41562da36d21868c69b7a828169/ruff-0.15.6-py3-none-manylinux_2_17_aarch64.manylinux2014_aarch64.whl", hash = "sha256:13f4594b04e42cd24a41da653886b04d2ff87adbf57497ed4f728b0e8a4866f8", size = 10660986, upload-time = "2026-03-12T23:05:53.245Z" },
    { url = "https://files.pythonhosted.org/packages/c1/a1/309f2364a424eccb763cdafc49df843c282609f47fe53aa83f38272389e0/ruff-0.15.6-py3-none-manylinux_2_17_armv7l.manylinux2014_armv7l.whl", hash = "sha256:e2ed8aea2f3fe57886d3f00ea5b8aae5bf68d5e195f487f037a955ff9fbaac9e", size = 10332177, upload-time = "2026-03-12T23:05:56.145Z" },
    { url = "https://files.pythonhosted.org/packages/30/41/7ebf1d32658b4bab20f8ac80972fb19cd4e2c6b78552be263a680edc55ac/ruff-0.15.6-py3-none-manylinux_2_17_i686.manylinux2014_i686.whl", hash = "sha256:70789d3e7830b848b548aae96766431c0dc01a6c78c13381f423bf7076c66d15", size = 11170783, upload-time = "2026-03-12T23:06:01.742Z" },
    { url = "https://files.pythonhosted.org/packages/76/be/6d488f6adca047df82cd62c304638bcb00821c36bd4881cfca221561fdfc/ruff-0.15.6-py3-none-manylinux_2_17_ppc64le.manylinux2014_ppc64le.whl", hash = "sha256:542aaf1de3154cea088ced5a819ce872611256ffe2498e750bbae5247a8114e9", size = 12044201, upload-time = "2026-03-12T23:05:28.697Z" },
    { url = "https://files.pythonhosted.org/packages/71/68/e6f125df4af7e6d0b498f8d373274794bc5156b324e8ab4bf5c1b4fc0ec7/ruff-0.15.6-py3-none-manylinux_2_17_s390x.manylinux2014_s390x.whl", hash = "sha256:1c22e6f02c16cfac3888aa636e9eba857254d15bbacc9906c9689fdecb1953ab", size = 11421561, upload-time = "2026-03-12T23:05:31.236Z" },
    { url = "https://files.pythonhosted.org/packages/f1/9f/f85ef5fd01a52e0b472b26dc1b4bd228b8f6f0435975442ffa4741278703/ruff-0.15.6-py3-none-manylinux_2_17_x86_64.manylinux2014_x86_64.whl", hash = "sha256:98893c4c0aadc8e448cfa315bd0cc343a5323d740fe5f28ef8a3f9e21b381f7e", size = 11310928, upload-time = "2026-03-12T23:05:45.288Z" },
    { url = "https://files.pythonhosted.org/packages/8c/26/b75f8c421f5654304b89471ed384ae8c7f42b4dff58fa6ce1626d7f2b59a/ruff-0.15.6-py3-none-manylinux_2_31_riscv64.whl", hash = "sha256:70d263770d234912374493e8cc1e7385c5d49376e41dfa51c5c3453169dc581c", size = 11235186, upload-time = "2026-03-12T23:05:50.677Z" },
    { url = "https://files.pythonhosted.org/packages/fc/d4/d5a6d065962ff7a68a86c9b4f5500f7d101a0792078de636526c0edd40da/ruff-0.15.6-py3-none-musllinux_1_2_aarch64.whl", hash = "sha256:55a1ad63c5a6e54b1f21b7514dfadc0c7fb40093fa22e95143cf3f64ebdcd512", size = 10635231, upload-time = "2026-03-12T23:05:37.044Z" },
    { url = "https://files.pythonhosted.org/packages/d6/56/7c3acf3d50910375349016cf33de24be021532042afbed87942858992491/ruff-0.15.6-py3-none-musllinux_1_2_armv7l.whl", hash = "sha256:8dc473ba093c5ec238bb1e7429ee676dca24643c471e11fbaa8a857925b061c0", size = 10340357, upload-time = "2026-03-12T23:06:04.748Z" },
    { url = "https://files.pythonhosted.org/packages/06/54/6faa39e9c1033ff6a3b6e76b5df536931cd30caf64988e112bbf91ef5ce5/ruff-0.15.6-py3-none-musllinux_1_2_i686.whl", hash = "sha256:85b042377c2a5561131767974617006f99f7e13c63c111b998f29fc1e58a4cfb", size = 10860583, upload-time = "2026-03-12T23:05:58.978Z" },
    { url = "https://files.pythonhosted.org/packages/cb/1e/509a201b843b4dfb0b32acdedf68d951d3377988cae43949ba4c4133a96a/ruff-0.15.6-py3-none-musllinux_1_2_x86_64.whl", hash = "sha256:cef49e30bc5a86a6a92098a7fbf6e467a234d90b63305d6f3ec01225a9d092e0", size = 11410976, upload-time = "2026-03-12T23:05:39.955Z" },
    { url = "https://files.pythonhosted.org/packages/6c/25/3fc9114abf979a41673ce877c08016f8e660ad6cf508c3957f537d2e9fa9/ruff-0.15.6-py3-none-win32.whl", hash = "sha256:bbf67d39832404812a2d23020dda68fee7f18ce15654e96fb1d3ad21a5fe436c", size = 10616872, upload-time = "2026-03-12T23:05:42.451Z" },
    { url = "https://files.pythonhosted.org/packages/89/7a/09ece68445ceac348df06e08bf75db72d0e8427765b96c9c0ffabc1be1d9/ruff-0.15.6-py3-none-win_amd64.whl", hash = "sha256:aee25bc84c2f1007ecb5037dff75cef00414fdf17c23f07dc13e577883dca406", size = 11787271, upload-time = "2026-03-12T23:05:20.168Z" },
    { url = "https://files.pythonhosted.org/packages/7f/d0/578c47dd68152ddddddf31cd7fc67dc30b7cdf639a86275fda821b0d9d98/ruff-0.15.6-py3-none-win_arm64.whl", hash = "sha256:c34de3dd0b0ba203be50ae70f5910b17188556630e2178fd7d79fc030eb0d837", size = 11060497, upload-time = "2026-03-12T23:05:25.968Z" },
]

[[package]]
name = "ty"
version = "0.0.22"
source = { registry = "https://pypi.org/simple" }
sdist = { url = "https://files.pythonhosted.org/packages/f5/ee/b73c99daf598ae66a2d5d3ba6de7729d2152ab732dee7ccb8ab9446cc6d7/ty-0.0.22.tar.gz", hash = "sha256:391fc4d3a543950341b750d7f4aa94866a73e7cdbf3e9e4e4e8cfc8b7bef4f10", size = 5333861, upload-time = "2026-03-12T17:40:30.052Z" }
wheels = [
    { url = "https://files.pythonhosted.org/packages/d7/f7/078f554f612723597f76cc6af70da4daed63ed721241a3f60788259c9adf/ty-0.0.22-py3-none-linux_armv6l.whl", hash = "sha256:03d37220d81016cb9d2a9c9ec11704d84f2df838f1dbf1296d91ea7fba57f8b5", size = 10328232, upload-time = "2026-03-12T17:40:19.402Z" },
    { url = "https://files.pythonhosted.org/packages/90/0b/4cfe84485d1b20bb50cdbc990f6e66b8c50cff569c7544adf0805b57ddb9/ty-0.0.22-py3-none-macosx_10_12_x86_64.whl", hash = "sha256:3249c65b24829a312cd5cbf722ff5551ffe17b0a9781a8a372ca037d23aa1c71", size = 10148554, upload-time = "2026-03-12T17:40:25.586Z" },
    { url = "https://files.pythonhosted.org/packages/1b/7e/df31baf70d63880c9719d2cc8403b0b99c3c0d0f68f390a1109d9b231933/ty-0.0.22-py3-none-macosx_11_0_arm64.whl", hash = "sha256:470778f4335f1660f017fe2970afb7e4ce4f8b608795b19406976b8902b221a5", size = 9627910, upload-time = "2026-03-12T17:40:17.447Z" },
    { url = "https://files.pythonhosted.org/packages/99/0f/a418bcca9c87083533d6c73b65e56c6ade26b8d76a7558b3d3cc0f0eb52a/ty-0.0.22-py3-none-manylinux_2_17_aarch64.manylinux2014_aarch64.whl", hash = "sha256:75649b04b84ace92cb5c6e27013247f220f58a9a30b30eb2301992814deea0c4", size = 10155025, upload-time = "2026-03-12T17:40:21.344Z" },
    { url = "https://files.pythonhosted.org/packages/2d/3d/1974c567a58f369602065409d9109c0a81f5abbf1ae552433a89d07141a9/ty-0.0.22-py3-none-manylinux_2_17_armv7l.manylinux2014_armv7l.whl", hash = "sha256:bc270f2344210cbed7d965ddeade61ffa81d93dffcdc0fded3540dccb860a9e1", size = 10133614, upload-time = "2026-03-12T17:40:23.549Z" },
    { url = "https://files.pythonhosted.org/packages/c0/c1/2da9e27c79a1fe9209589a73c989e416a7380bd77dcdf22960b3d30252bf/ty-0.0.22-py3-none-manylinux_2_17_i686.manylinux2014_i686.whl", hash = "sha256:548215b226f9726ea4d9beb77055363a8a398eb42809f042895f7a285afcb538", size = 10647101, upload-time = "2026-03-12T17:40:15.569Z" },
    { url = "https://files.pythonhosted.org/packages/c2/93/4e12c2f0ec792fd4ab9c9f70e59465d09345a453ebedb67d3bf99fd75a71/ty-0.0.22-py3-none-manylinux_2_17_ppc64le.manylinux2014_ppc64le.whl", hash = "sha256:ed0bd1d34eba800b82ebee65269a85a9bbb2a325237e4baaf1413223f69e1899", size = 11231886, upload-time = "2026-03-12T17:40:06.875Z" },
    { url = "https://files.pythonhosted.org/packages/2a/9f/c255a078e4f2ce135497fffa4a5d3a122e4c49a00416fb78d72d7b79e119/ty-0.0.22-py3-none-manylinux_2_17_s390x.manylinux2014_s390x.whl", hash = "sha256:dbd429a31507da9a1b0873a21215113c42cc683aa5fba96c978794485db5560a", size = 10901527, upload-time = "2026-03-12T17:40:34.429Z" },
    { url = "https://files.pythonhosted.org/packages/f2/0d/d1bdee7e16d978ea929837fb03463efc116ee8ad05d215a5efd5d80e56d3/ty-0.0.22-py3-none-manylinux_2_17_x86_64.manylinux2014_x86_64.whl", hash = "sha256:c7eb85a437b3be817796e7c0f84243611de53c7d4ea102a0dca179debfe7cec0", size = 10726505, upload-time = "2026-03-12T17:40:36.342Z" },
    { url = "https://files.pythonhosted.org/packages/a5/d4/6548d2a353f794582ec94d886b310589c70316fe43476a558e53073ea911/ty-0.0.22-py3-none-musllinux_1_2_aarch64.whl", hash = "sha256:b8e32e362e0666cc0769d2862a273def6b61117b8fbb9df493274d536afcd02e", size = 10128777, upload-time = "2026-03-12T17:40:38.517Z" },
    { url = "https://files.pythonhosted.org/packages/9f/d2/eb9185d3fe1fa12decb1c0a045416063bc40122187769b3dfb324da9e51c/ty-0.0.22-py3-none-musllinux_1_2_armv7l.whl", hash = "sha256:667deb1aaf802f396a626cc5a52cd55d935e8d0b46d1be068cf874f7d6f4bdb5", size = 10164992, upload-time = "2026-03-12T17:40:27.833Z" },
    { url = "https://files.pythonhosted.org/packages/7b/ec/067bb6d78cc6f5c4f55f0c3f760eb792b144697b454938fb9d10652caeb2/ty-0.0.22-py3-none-musllinux_1_2_i686.whl", hash = "sha256:e160681dbf602160e091d94a68207d1393733aedd95e3dc0b2d010bb39a70d78", size = 10342871, upload-time = "2026-03-12T17:40:13.447Z" },
    { url = "https://files.pythonhosted.org/packages/c0/04/dd3a87f54f78ceef5e6ab2add2f3bb85d45829318740f459886654b71a5d/ty-0.0.22-py3-none-musllinux_1_2_x86_64.whl", hash = "sha256:255598763079b80513d98084c4897df688e42666d7e4371349f97d258166389d", size = 10823909, upload-time = "2026-03-12T17:40:11.444Z" },
    { url = "https://files.pythonhosted.org/packages/d7/29/4b12e8ff99dec65487ec5342bd5b51fae1482e93a669d098777d55ca5eda/ty-0.0.22-py3-none-win32.whl", hash = "sha256:de0d88d9f788defddfec5507bf356bfc8b90ee301b7d6204f7609e7ac270276f", size = 9746013, upload-time = "2026-03-12T17:40:32.272Z" },
    { url = "https://files.pythonhosted.org/packages/84/16/e246795ed66ff8ee1a47497019f86ea1b4fb238bfca3068f2e08c52ef03b/ty-0.0.22-py3-none-win_amd64.whl", hash = "sha256:c216f750769ac9f3e9e61feabf3fd44c0697dce762bdcd105443d47e1a81c2b9", size = 10709350, upload-time = "2026-03-12T17:40:40.82Z" },
    { url = "https://files.pythonhosted.org/packages/3b/a4/5aafcebc4f597164381b0a82e7a8780d8f9f52df3884b16909a76282a0da/ty-0.0.22-py3-none-win_arm64.whl", hash = "sha256:49795260b9b9e3d6f04424f8ddb34907fac88c33a91b83478a74cead5dde567f", size = 10137248, upload-time = "2026-03-12T17:40:09.244Z" },
]
